
Microsoft Visual Studio Solution File, Format Version 12.00
# Visual Studio Version 16
VisualStudioVersion = 16.0.32802.440
MinimumVisualStudioVersion = 10.0.40219.1
Project("{FAE04EC0-301F-11D3-BF4B-00C04F79EFBC}") = "Area_Caculator", "Area_Caculator.csproj", "{0B595149-51F1-4C77-A277-3598356EB149}"
EndProject
Project("{7CF6DF6D-3B04-46F8-A40B-537D21BCA0B4}") = "Autohelper", "Autohelper\Autohelper.shfbproj", "{71B4CB19-B608-4DF3-8CE1-9B80214F6B96}"
EndProject
Global
	GlobalSection(SolutionConfigurationPlatforms) = preSolution
		Debug|Any CPU = Debug|Any CPU
		Release|Any CPU = Release|Any CPU
	EndGlobalSection
	GlobalSection(ProjectConfigurationPlatforms) = postSolution
		{0B595149-51F1-4C77-A277-3598356EB149}.Debug|Any CPU.ActiveCfg = Debug|Any CPU
		{0B595149-51F1-4C77-A277-3598356EB149}.Debug|Any CPU.Build.0 = Debug|Any CPU
		{0B595149-51F1-4C77-A277-3598356EB149}.Release|Any CPU.ActiveCfg = Release|Any CPU
		{0B595149-51F1-4C77-A277-3598356EB149}.Release|Any CPU.Build.0 = Release|Any CPU
		{71B4CB19-B608-4DF3-8CE1-9B80214F6B96}.Debug|Any CPU.ActiveCfg = Debug|Any CPU
		{71B4CB19-B608-4DF3-8CE1-9B80214F6B96}.Debug|Any CPU.Build.0 = Debug|Any CPU
		{71B4CB19-B608-4DF3-8CE1-9B80214F6B96}.Release|Any CPU.ActiveCfg = Release|Any CPU
		{71B4CB19-B608-4DF3-8CE1-9B80214F6B96}.Release|Any CPU.Build.0 = Release|Any CPU
	EndGlobalSection
	GlobalSection(SolutionProperties) = preSolution
		HideSolutionNode = FALSE
	EndGlobalSection
	GlobalSection(ExtensibilityGlobals) = postSolution
		SolutionGuid = {1A3F7DB5-90AA-43BF-BCC3-07C1DD7C8299}
	EndGlobalSection
EndGlobal
